
Microsoft Visual Studio Solution File, Format Version 12.00
# Visual Studio Version 16
VisualStudioVersion = 16.0.31911.196
MinimumVisualStudioVersion = 10.0.40219.1
Project("{FAE04EC0-301F-11D3-BF4B-00C04F79EFBC}") = "RMDataManager", "RMDataManager\RMDataManager.csproj", "{93B875E0-3298-4217-9261-00FCD7D6FD24}"
EndProject
Project("{00D1A9C2-B5F0-4AF3-8072-F6C62B433612}") = "RMDatabase", "RMDatabase\RMDatabase.sqlproj", "{A7867A51-528C-4137-85C4-31DE047C5DC8}"
EndProject
Project("{9A19103F-16F7-4668-BE54-9A1E7A4F7556}") = "RMDataManager.Library", "RMDataManager.Library\RMDataManager.Library.csproj", "{4EA68E9E-A970-4DC0-BD12-322C8258B901}"
EndProject
Project("{9A19103F-16F7-4668-BE54-9A1E7A4F7556}") = "DataManager", "DataManager\DataManager.csproj", "{1D9C5E96-4769-4A70-896A-3EF65BE03E03}"
EndProject
Global
	GlobalSection(SolutionConfigurationPlatforms) = preSolution
		Debug|Any CPU = Debug|Any CPU
		Release|Any CPU = Release|Any CPU
	EndGlobalSection
	GlobalSection(ProjectConfigurationPlatforms) = postSolution
		{93B875E0-3298-4217-9261-00FCD7D6FD24}.Debug|Any CPU.ActiveCfg = Debug|Any CPU
		{93B875E0-3298-4217-9261-00FCD7D6FD24}.Debug|Any CPU.Build.0 = Debug|Any CPU
		{93B875E0-3298-4217-9261-00FCD7D6FD24}.Release|Any CPU.ActiveCfg = Release|Any CPU
		{93B875E0-3298-4217-9261-00FCD7D6FD24}.Release|Any CPU.Build.0 = Release|Any CPU
		{A7867A51-528C-4137-85C4-31DE047C5DC8}.Debug|Any CPU.ActiveCfg = Debug|Any CPU
		{A7867A51-528C-4137-85C4-31DE047C5DC8}.Debug|Any CPU.Build.0 = Debug|Any CPU
		{A7867A51-528C-4137-85C4-31DE047C5DC8}.Debug|Any CPU.Deploy.0 = Debug|Any CPU
		{A7867A51-528C-4137-85C4-31DE047C5DC8}.Release|Any CPU.ActiveCfg = Release|Any CPU
		{A7867A51-528C-4137-85C4-31DE047C5DC8}.Release|Any CPU.Build.0 = Release|Any CPU
		{A7867A51-528C-4137-85C4-31DE047C5DC8}.Release|Any CPU.Deploy.0 = Release|Any CPU
		{4EA68E9E-A970-4DC0-BD12-322C8258B901}.Debug|Any CPU.ActiveCfg = Debug|Any CPU
		{4EA68E9E-A970-4DC0-BD12-322C8258B901}.Debug|Any CPU.Build.0 = Debug|Any CPU
		{4EA68E9E-A970-4DC0-BD12-322C8258B901}.Release|Any CPU.ActiveCfg = Release|Any CPU
		{4EA68E9E-A970-4DC0-BD12-322C8258B901}.Release|Any CPU.Build.0 = Release|Any CPU
		{1D9C5E96-4769-4A70-896A-3EF65BE03E03}.Debug|Any CPU.ActiveCfg = Debug|Any CPU
		{1D9C5E96-4769-4A70-896A-3EF65BE03E03}.Debug|Any CPU.Build.0 = Debug|Any CPU
		{1D9C5E96-4769-4A70-896A-3EF65BE03E03}.Release|Any CPU.ActiveCfg = Release|Any CPU
		{1D9C5E96-4769-4A70-896A-3EF65BE03E03}.Release|Any CPU.Build.0 = Release|Any CPU
	EndGlobalSection
	GlobalSection(SolutionProperties) = preSolution
		HideSolutionNode = FALSE
	EndGlobalSection
	GlobalSection(ExtensibilityGlobals) = postSolution
		SolutionGuid = {8F2BEA06-E8A2-44DB-A702-40063CB0AA12}
	EndGlobalSection
EndGlobal
